
Microsoft Visual Studio Solution File, Format Version 12.00
# Visual Studio 2013
VisualStudioVersion = 12.0.31101.0
MinimumVisualStudioVersion = 10.0.40219.1
Project("{FAE04EC0-301F-11D3-BF4B-00C04F79EFBC}") = "SalesTransaction", "SalesTransaction\SalesTransaction.csproj", "{6E51F247-7D93-41B5-B7DE-08B461CCBAE7}"
EndProject
Project("{FAE04EC0-301F-11D3-BF4B-00C04F79EFBC}") = "DAL", "DAL\DAL.csproj", "{EBA21D15-9397-461C-9ACF-BEAF051004AB}"
EndProject
Project("{FAE04EC0-301F-11D3-BF4B-00C04F79EFBC}") = "Common", "Common\Common.csproj", "{D9085A6E-EBC6-4A3F-9EB5-EE6D1AEE0D45}"
EndProject
Global
	GlobalSection(SolutionConfigurationPlatforms) = preSolution
		Debug|Any CPU = Debug|Any CPU
		Release|Any CPU = Release|Any CPU
	EndGlobalSection
	GlobalSection(ProjectConfigurationPlatforms) = postSolution
		{6E51F247-7D93-41B5-B7DE-08B461CCBAE7}.Debug|Any CPU.ActiveCfg = Debug|Any CPU
		{6E51F247-7D93-41B5-B7DE-08B461CCBAE7}.Debug|Any CPU.Build.0 = Debug|Any CPU
		{6E51F247-7D93-41B5-B7DE-08B461CCBAE7}.Release|Any CPU.ActiveCfg = Release|Any CPU
		{6E51F247-7D93-41B5-B7DE-08B461CCBAE7}.Release|Any CPU.Build.0 = Release|Any CPU
		{EBA21D15-9397-461C-9ACF-BEAF051004AB}.Debug|Any CPU.ActiveCfg = Debug|Any CPU
		{EBA21D15-9397-461C-9ACF-BEAF051004AB}.Debug|Any CPU.Build.0 = Debug|Any CPU
		{EBA21D15-9397-461C-9ACF-BEAF051004AB}.Release|Any CPU.ActiveCfg = Release|Any CPU
		{EBA21D15-9397-461C-9ACF-BEAF051004AB}.Release|Any CPU.Build.0 = Release|Any CPU
		{D9085A6E-EBC6-4A3F-9EB5-EE6D1AEE0D45}.Debug|Any CPU.ActiveCfg = Debug|Any CPU
		{D9085A6E-EBC6-4A3F-9EB5-EE6D1AEE0D45}.Debug|Any CPU.Build.0 = Debug|Any CPU
		{D9085A6E-EBC6-4A3F-9EB5-EE6D1AEE0D45}.Release|Any CPU.ActiveCfg = Release|Any CPU
		{D9085A6E-EBC6-4A3F-9EB5-EE6D1AEE0D45}.Release|Any CPU.Build.0 = Release|Any CPU
	EndGlobalSection
	GlobalSection(SolutionProperties) = preSolution
		HideSolutionNode = FALSE
	EndGlobalSection
EndGlobal
